
Microsoft Visual Studio Solution File, Format Version 12.00
# Visual Studio 14
VisualStudioVersion = 14.0.25420.1
MinimumVisualStudioVersion = 10.0.40219.1
Project("{FAE04EC0-301F-11D3-BF4B-00C04F79EFBC}") = "JarvisConsole", "JarvisConsole\JarvisConsole.csproj", "{67A3648D-07E8-4AA1-A720-2B16F2450E61}"
EndProject
Project("{FAE04EC0-301F-11D3-BF4B-00C04F79EFBC}") = "JarvisAPI", "JarvisAPI\JarvisAPI.csproj", "{13A63945-FF34-4A3E-8D26-0EB14AF16430}"
EndProject
Global
	GlobalSection(SolutionConfigurationPlatforms) = preSolution
		Debug|Any CPU = Debug|Any CPU
		Release|Any CPU = Release|Any CPU
	EndGlobalSection
	GlobalSection(ProjectConfigurationPlatforms) = postSolution
		{67A3648D-07E8-4AA1-A720-2B16F2450E61}.Debug|Any CPU.ActiveCfg = Debug|Any CPU
		{67A3648D-07E8-4AA1-A720-2B16F2450E61}.Debug|Any CPU.Build.0 = Debug|Any CPU
		{67A3648D-07E8-4AA1-A720-2B16F2450E61}.Release|Any CPU.ActiveCfg = Release|Any CPU
		{67A3648D-07E8-4AA1-A720-2B16F2450E61}.Release|Any CPU.Build.0 = Release|Any CPU
		{13A63945-FF34-4A3E-8D26-0EB14AF16430}.Debug|Any CPU.ActiveCfg = Debug|Any CPU
		{13A63945-FF34-4A3E-8D26-0EB14AF16430}.Debug|Any CPU.Build.0 = Debug|Any CPU
		{13A63945-FF34-4A3E-8D26-0EB14AF16430}.Release|Any CPU.ActiveCfg = Release|Any CPU
		{13A63945-FF34-4A3E-8D26-0EB14AF16430}.Release|Any CPU.Build.0 = Release|Any CPU
	EndGlobalSection
	GlobalSection(SolutionProperties) = preSolution
		HideSolutionNode = FALSE
	EndGlobalSection
EndGlobal
